// !$*UTF8*$!
{
	archiveVersion = 1;
	classes = {
	};
	objectVersion = 50;
	objects = {

/* Begin PBXBuildFile section */
		1108D520209943BA00063133 /* AppDelegate.swift in Sources */ = {isa = PBXBuildFile; fileRef = 1108D51F209943BA00063133 /* AppDelegate.swift */; };
		1108D522209943BA00063133 /* MenuVC.swift in Sources */ = {isa = PBXBuildFile; fileRef = 1108D521209943BA00063133 /* MenuVC.swift */; };
		1108D525209943BA00063133 /* Main.storyboard in Resources */ = {isa = PBXBuildFile; fileRef = 1108D523209943BA00063133 /* Main.storyboard */; };
		1108D527209943BC00063133 /* Assets.xcassets in Resources */ = {isa = PBXBuildFile; fileRef = 1108D526209943BC00063133 /* Assets.xcassets */; };
		1108D52A209943BC00063133 /* LaunchScreen.storyboard in Resources */ = {isa = PBXBuildFile; fileRef = 1108D528209943BC00063133 /* LaunchScreen.storyboard */; };
		1108D535209943BC00063133 /* TapRoyaleTests.swift in Sources */ = {isa = PBXBuildFile; fileRef = 1108D534209943BC00063133 /* TapRoyaleTests.swift */; };
		1108D540209943BC00063133 /* TapRoyaleUITests.swift in Sources */ = {isa = PBXBuildFile; fileRef = 1108D53F209943BC00063133 /* TapRoyaleUITests.swift */; };
		1108D54E2099450800063133 /* Podfile in Resources */ = {isa = PBXBuildFile; fileRef = 1108D54D2099450800063133 /* Podfile */; };
		1108D55020994B9900063133 /* GameVC.swift in Sources */ = {isa = PBXBuildFile; fileRef = 1108D54F20994B9900063133 /* GameVC.swift */; };
		1108D55220996C2C00063133 /* PlayerCell.swift in Sources */ = {isa = PBXBuildFile; fileRef = 1108D55120996C2C00063133 /* PlayerCell.swift */; };
		47278A67DE35722809A3FA9A /* Pods_TapRoyale.framework in Frameworks */ = {isa = PBXBuildFile; fileRef = 63B94D1A1E7A9A6C07BD0531 /* Pods_TapRoyale.framework */; };
/* End PBXBuildFile section */

/* Begin PBXContainerItemProxy section */
		1108D531209943BC00063133 /* PBXContainerItemProxy */ = {
			isa = PBXContainerItemProxy;
			containerPortal = 1108D514209943BA00063133 /* Project object */;
			proxyType = 1;
			remoteGlobalIDString = 1108D51B209943BA00063133;
			remoteInfo = TapRoyale;
		};
		1108D53C209943BC00063133 /* PBXContainerItemProxy */ = {
			isa = PBXContainerItemProxy;
			containerPortal = 1108D514209943BA00063133 /* Project object */;
			proxyType = 1;
			remoteGlobalIDString = 1108D51B209943BA00063133;
			remoteInfo = TapRoyale;
		};
/* End PBXContainerItemProxy section */

/* Begin PBXFileReference section */
		0F499FA936DEEA45E66A9FC4 /* Pods-TapRoyale.release.xcconfig */ = {isa = PBXFileReference; includeInIndex = 1; lastKnownFileType = text.xcconfig; name = "Pods-TapRoyale.release.xcconfig"; path = "Pods/Target Support Files/Pods-TapRoyale/Pods-TapRoyale.release.xcconfig"; sourceTree = "<group>"; };
		1108D51C209943BA00063133 /* TapRoyale.app */ = {isa = PBXFileReference; explicitFileType = wrapper.application; includeInIndex = 0; path = TapRoyale.app; sourceTree = BUILT_PRODUCTS_DIR; };
		1108D51F209943BA00063133 /* AppDelegate.swift */ = {isa = PBXFileReference; lastKnownFileType = sourcecode.swift; path = AppDelegate.swift; sourceTree = "<group>"; };
		1108D521209943BA00063133 /* MenuVC.swift */ = {isa = PBXFileReference; lastKnownFileType = sourcecode.swift; path = MenuVC.swift; sourceTree = "<group>"; };
		1108D524209943BA00063133 /* Base */ = {isa = PBXFileReference; lastKnownFileType = file.storyboard; name = Base; path = Base.lproj/Main.storyboard; sourceTree = "<group>"; };
		1108D526209943BC00063133 /* Assets.xcassets */ = {isa = PBXFileReference; lastKnownFileType = folder.assetcatalog; path = Assets.xcassets; sourceTree = "<group>"; };
		1108D529209943BC00063133 /* Base */ = {isa = PBXFileReference; lastKnownFileType = file.storyboard; name = Base; path = Base.lproj/LaunchScreen.storyboard; sourceTree = "<group>"; };
		1108D52B209943BC00063133 /* Info.plist */ = {isa = PBXFileReference; lastKnownFileType = text.plist.xml; path = Info.plist; sourceTree = "<group>"; };
		1108D530209943BC00063133 /* TapRoyaleTests.xctest */ = {isa = PBXFileReference; explicitFileType = wrapper.cfbundle; includeInIndex = 0; path = TapRoyaleTests.xctest; sourceTree = BUILT_PRODUCTS_DIR; };
		1108D534209943BC00063133 /* TapRoyaleTests.swift */ = {isa = PBXFileReference; lastKnownFileType = sourcecode.swift; path = TapRoyaleTests.swift; sourceTree = "<group>"; };
		1108D536209943BC00063133 /* Info.plist */ = {isa = PBXFileReference; lastKnownFileType = text.plist.xml; path = Info.plist; sourceTree = "<group>"; };
		1108D53B209943BC00063133 /* TapRoyaleUITests.xctest */ = {isa = PBXFileReference; explicitFileType = wrapper.cfbundle; includeInIndex = 0; path = TapRoyaleUITests.xctest; sourceTree = BUILT_PRODUCTS_DIR; };
		1108D53F209943BC00063133 /* TapRoyaleUITests.swift */ = {isa = PBXFileReference; lastKnownFileType = sourcecode.swift; path = TapRoyaleUITests.swift; sourceTree = "<group>"; };
		1108D541209943BC00063133 /* Info.plist */ = {isa = PBXFileReference; lastKnownFileType = text.plist.xml; path = Info.plist; sourceTree = "<group>"; };
		1108D54D2099450800063133 /* Podfile */ = {isa = PBXFileReference; fileEncoding = 4; lastKnownFileType = text; path = Podfile; sourceTree = "<group>"; };
		1108D54F20994B9900063133 /* GameVC.swift */ = {isa = PBXFileReference; lastKnownFileType = sourcecode.swift; path = GameVC.swift; sourceTree = "<group>"; };
		1108D55120996C2C00063133 /* PlayerCell.swift */ = {isa = PBXFileReference; lastKnownFileType = sourcecode.swift; path = PlayerCell.swift; sourceTree = "<group>"; };
		19A7596442D975FC8B3E2FCE /* Pods_TapRoyaleUITests.framework */ = {isa = PBXFileReference; explicitFileType = wrapper.framework; includeInIndex = 0; path = Pods_TapRoyaleUITests.framework; sourceTree = BUILT_PRODUCTS_DIR; };
		63B94D1A1E7A9A6C07BD0531 /* Pods_TapRoyale.framework */ = {isa = PBXFileReference; explicitFileType = wrapper.framework; includeInIndex = 0; path = Pods_TapRoyale.framework; sourceTree = BUILT_PRODUCTS_DIR; };
		8D6C9005EE7C8619C0B5E502 /* Pods_TapRoyaleTests.framework */ = {isa = PBXFileReference; explicitFileType = wrapper.framework; includeInIndex = 0; path = Pods_TapRoyaleTests.framework; sourceTree = BUILT_PRODUCTS_DIR; };
		C58FD9669338F9CA50CBB9E6 /* Pods-TapRoyale.debug.xcconfig */ = {isa = PBXFileReference; includeInIndex = 1; lastKnownFileType = text.xcconfig; name = "Pods-TapRoyale.debug.xcconfig"; path = "Pods/Target Support Files/Pods-TapRoyale/Pods-TapRoyale.debug.xcconfig"; sourceTree = "<group>"; };
/* End PBXFileReference section */

/* Begin PBXFrameworksBuildPhase section */
		1108D519209943BA00063133 /* Frameworks */ = {
			isa = PBXFrameworksBuildPhase;
			buildActionMask = 2147483647;
			files = (
				47278A67DE35722809A3FA9A /* Pods_TapRoyale.framework in Frameworks */,
			);
			runOnlyForDeploymentPostprocessing = 0;
		};
		1108D52D209943BC00063133 /* Frameworks */ = {
			isa = PBXFrameworksBuildPhase;
			buildActionMask = 2147483647;
			files = (
			);
			runOnlyForDeploymentPostprocessing = 0;
		};
		1108D538209943BC00063133 /* Frameworks */ = {
			isa = PBXFrameworksBuildPhase;
			buildActionMask = 2147483647;
			files = (
			);
			runOnlyForDeploymentPostprocessing = 0;
		};
/* End PBXFrameworksBuildPhase section */

/* Begin PBXGroup section */
		1108D513209943BA00063133 = {
			isa = PBXGroup;
			children = (
				1108D54D2099450800063133 /* Podfile */,
				1108D51E209943BA00063133 /* TapRoyale */,
				1108D533209943BC00063133 /* TapRoyaleTests */,
				1108D53E209943BC00063133 /* TapRoyaleUITests */,
				1108D51D209943BA00063133 /* Products */,
				65384F46F7A378C652F977FA /* Pods */,
				CF448C43B790ED3CFE92A12F /* Frameworks */,
			);
			sourceTree = "<group>";
		};
		1108D51D209943BA00063133 /* Products */ = {
			isa = PBXGroup;
			children = (
				1108D51C209943BA00063133 /* TapRoyale.app */,
				1108D530209943BC00063133 /* TapRoyaleTests.xctest */,
				1108D53B209943BC00063133 /* TapRoyaleUITests.xctest */,
			);
			name = Products;
			sourceTree = "<group>";
		};
		1108D51E209943BA00063133 /* TapRoyale */ = {
			isa = PBXGroup;
			children = (
				1108D51F209943BA00063133 /* AppDelegate.swift */,
				1108D521209943BA00063133 /* MenuVC.swift */,
				1108D523209943BA00063133 /* Main.storyboard */,
				1108D55120996C2C00063133 /* PlayerCell.swift */,
				1108D526209943BC00063133 /* Assets.xcassets */,
				1108D528209943BC00063133 /* LaunchScreen.storyboard */,
				1108D52B209943BC00063133 /* Info.plist */,
				1108D54F20994B9900063133 /* GameVC.swift */,
			);
			path = TapRoyale;
			sourceTree = "<group>";
		};
		1108D533209943BC00063133 /* TapRoyaleTests */ = {
			isa = PBXGroup;
			children = (
				1108D534209943BC00063133 /* TapRoyaleTests.swift */,
				1108D536209943BC00063133 /* Info.plist */,
			);
			path = TapRoyaleTests;
			sourceTree = "<group>";
		};
		1108D53E209943BC00063133 /* TapRoyaleUITests */ = {
			isa = PBXGroup;
			children = (
				1108D53F209943BC00063133 /* TapRoyaleUITests.swift */,
				1108D541209943BC00063133 /* Info.plist */,
			);
			path = TapRoyaleUITests;
			sourceTree = "<group>";
		};
		65384F46F7A378C652F977FA /* Pods */ = {
			isa = PBXGroup;
			children = (
				C58FD9669338F9CA50CBB9E6 /* Pods-TapRoyale.debug.xcconfig */,
				0F499FA936DEEA45E66A9FC4 /* Pods-TapRoyale.release.xcconfig */,
			);
			name = Pods;
			sourceTree = "<group>";
		};
		CF448C43B790ED3CFE92A12F /* Frameworks */ = {
			isa = PBXGroup;
			children = (
				63B94D1A1E7A9A6C07BD0531 /* Pods_TapRoyale.framework */,
				8D6C9005EE7C8619C0B5E502 /* Pods_TapRoyaleTests.framework */,
				19A7596442D975FC8B3E2FCE /* Pods_TapRoyaleUITests.framework */,
			);
			name = Frameworks;
			sourceTree = "<group>";
		};
/* End PBXGroup section */

/* Begin PBXNativeTarget section */
		1108D51B209943BA00063133 /* TapRoyale */ = {
			isa = PBXNativeTarget;
			buildConfigurationList = 1108D544209943BC00063133 /* Build configuration list for PBXNativeTarget "TapRoyale" */;
			buildPhases = (
				AFB0E785F876EE01636641F0 /* [CP] Check Pods Manifest.lock */,
				1108D518209943BA00063133 /* Sources */,
				1108D519209943BA00063133 /* Frameworks */,
				1108D51A209943BA00063133 /* Resources */,
				8E0A7676B9F961DEE0C090E1 /* [CP] Embed Pods Frameworks */,
			);
			buildRules = (
			);
			dependencies = (
			);
			name = TapRoyale;
			productName = TapRoyale;
			productReference = 1108D51C209943BA00063133 /* TapRoyale.app */;
			productType = "com.apple.product-type.application";
		};
		1108D52F209943BC00063133 /* TapRoyaleTests */ = {
			isa = PBXNativeTarget;
			buildConfigurationList = 1108D547209943BC00063133 /* Build configuration list for PBXNativeTarget "TapRoyaleTests" */;
			buildPhases = (
				1108D52C209943BC00063133 /* Sources */,
				1108D52D209943BC00063133 /* Frameworks */,
				1108D52E209943BC00063133 /* Resources */,
			);
			buildRules = (
			);
			dependencies = (
				1108D532209943BC00063133 /* PBXTargetDependency */,
			);
			name = TapRoyaleTests;
			productName = TapRoyaleTests;
			productReference = 1108D530209943BC00063133 /* TapRoyaleTests.xctest */;
			productType = "com.apple.product-type.bundle.unit-test";
		};
		1108D53A209943BC00063133 /* TapRoyaleUITests */ = {
			isa = PBXNativeTarget;
			buildConfigurationList = 1108D54A209943BC00063133 /* Build configuration list for PBXNativeTarget "TapRoyaleUITests" */;
			buildPhases = (
				1108D537209943BC00063133 /* Sources */,
				1108D538209943BC00063133 /* Frameworks */,
				1108D539209943BC00063133 /* Resources */,
			);
			buildRules = (
			);
			dependencies = (
				1108D53D209943BC00063133 /* PBXTargetDependency */,
			);
			name = TapRoyaleUITests;
			productName = TapRoyaleUITests;
			productReference = 1108D53B209943BC00063133 /* TapRoyaleUITests.xctest */;
			productType = "com.apple.product-type.bundle.ui-testing";
		};
/* End PBXNativeTarget section */

/* Begin PBXProject section */
		1108D514209943BA00063133 /* Project object */ = {
			isa = PBXProject;
			attributes = {
				LastSwiftUpdateCheck = 0930;
				LastUpgradeCheck = 0930;
				ORGANIZATIONNAME = Appdojo;
				TargetAttributes = {
					1108D51B209943BA00063133 = {
						CreatedOnToolsVersion = 9.3;
					};
					1108D52F209943BC00063133 = {
						CreatedOnToolsVersion = 9.3;
						TestTargetID = 1108D51B209943BA00063133;
					};
					1108D53A209943BC00063133 = {
						CreatedOnToolsVersion = 9.3;
						TestTargetID = 1108D51B209943BA00063133;
					};
				};
			};
			buildConfigurationList = 1108D517209943BA00063133 /* Build configuration list for PBXProject "TapRoyale" */;
			compatibilityVersion = "Xcode 9.3";
			developmentRegion = en;
			hasScannedForEncodings = 0;
			knownRegions = (
				en,
				Base,
			);
			mainGroup = 1108D513209943BA00063133;
			productRefGroup = 1108D51D209943BA00063133 /* Products */;
			projectDirPath = "";
			projectRoot = "";
			targets = (
				1108D51B209943BA00063133 /* TapRoyale */,
				1108D52F209943BC00063133 /* TapRoyaleTests */,
				1108D53A209943BC00063133 /* TapRoyaleUITests */,
			);
		};
/* End PBXProject section */

/* Begin PBXResourcesBuildPhase section */
		1108D51A209943BA00063133 /* Resources */ = {
			isa = PBXResourcesBuildPhase;
			buildActionMask = 2147483647;
			files = (
				1108D52A209943BC00063133 /* LaunchScreen.storyboard in Resources */,
				1108D527209943BC00063133 /* Assets.xcassets in Resources */,
				1108D54E2099450800063133 /* Podfile in Resources */,
				1108D525209943BA00063133 /* Main.storyboard in Resources */,
			);
			runOnlyForDeploymentPostprocessing = 0;
		};
		1108D52E209943BC00063133 /* Resources */ = {
			isa = PBXResourcesBuildPhase;
			buildActionMask = 2147483647;
			files = (
			);
			runOnlyForDeploymentPostprocessing = 0;
		};
		1108D539209943BC00063133 /* Resources */ = {
			isa = PBXResourcesBuildPhase;
			buildActionMask = 2147483647;
			files = (
			);
			runOnlyForDeploymentPostprocessing = 0;
		};
/* End PBXResourcesBuildPhase section */

/* Begin PBXShellScriptBuildPhase section */
		8E0A7676B9F961DEE0C090E1 /* [CP] Embed Pods Frameworks */ = {
			isa = PBXShellScriptBuildPhase;
			buildActionMask = 2147483647;
			files = (
			);
			inputPaths = (
				"${SRCROOT}/Pods/Target Support Files/Pods-TapRoyale/Pods-TapRoyale-frameworks.sh",
				"${BUILT_PRODUCTS_DIR}/PubNub/PubNub.framework",
			);
			name = "[CP] Embed Pods Frameworks";
			outputPaths = (
				"${TARGET_BUILD_DIR}/${FRAMEWORKS_FOLDER_PATH}/PubNub.framework",
			);
			runOnlyForDeploymentPostprocessing = 0;
			shellPath = /bin/sh;
			shellScript = "\"${SRCROOT}/Pods/Target Support Files/Pods-TapRoyale/Pods-TapRoyale-frameworks.sh\"\n";
			showEnvVarsInLog = 0;
		};
		AFB0E785F876EE01636641F0 /* [CP] Check Pods Manifest.lock */ = {
			isa = PBXShellScriptBuildPhase;
			buildActionMask = 2147483647;
			files = (
			);
			inputPaths = (
				"${PODS_PODFILE_DIR_PATH}/Podfile.lock",
				"${PODS_ROOT}/Manifest.lock",
			);
			name = "[CP] Check Pods Manifest.lock";
			outputPaths = (
				"$(DERIVED_FILE_DIR)/Pods-TapRoyale-checkManifestLockResult.txt",
			);
			runOnlyForDeploymentPostprocessing = 0;
			shellPath = /bin/sh;
			shellScript = "diff \"${PODS_PODFILE_DIR_PATH}/Podfile.lock\" \"${PODS_ROOT}/Manifest.lock\" > /dev/null\nif [ $? != 0 ] ; then\n    # print error to STDERR\n    echo \"error: The sandbox is not in sync with the Podfile.lock. Run 'pod install' or update your CocoaPods installation.\" >&2\n    exit 1\nfi\n# This output is used by Xcode 'outputs' to avoid re-running this script phase.\necho \"SUCCESS\" > \"${SCRIPT_OUTPUT_FILE_0}\"\n";
			showEnvVarsInLog = 0;
		};
/* End PBXShellScriptBuildPhase section */

/* Begin PBXSourcesBuildPhase section */
		1108D518209943BA00063133 /* Sources */ = {
			isa = PBXSourcesBuildPhase;
			buildActionMask = 2147483647;
			files = (
				1108D55220996C2C00063133 /* PlayerCell.swift in Sources */,
				1108D522209943BA00063133 /* MenuVC.swift in Sources */,
				1108D55020994B9900063133 /* GameVC.swift in Sources */,
				1108D520209943BA00063133 /* AppDelegate.swift in Sources */,
			);
			runOnlyForDeploymentPostprocessing = 0;
		};
		1108D52C209943BC00063133 /* Sources */ = {
			isa = PBXSourcesBuildPhase;
			buildActionMask = 2147483647;
			files = (
				1108D535209943BC00063133 /* TapRoyaleTests.swift in Sources */,
			);
			runOnlyForDeploymentPostprocessing = 0;
		};
		1108D537209943BC00063133 /* Sources */ = {
			isa = PBXSourcesBuildPhase;
			buildActionMask = 2147483647;
			files = (
				1108D540209943BC00063133 /* TapRoyaleUITests.swift in Sources */,
			);
			runOnlyForDeploymentPostprocessing = 0;
		};
/* End PBXSourcesBuildPhase section */

/* Begin PBXTargetDependency section */
		1108D532209943BC00063133 /* PBXTargetDependency */ = {
			isa = PBXTargetDependency;
			target = 1108D51B209943BA00063133 /* TapRoyale */;
			targetProxy = 1108D531209943BC00063133 /* PBXContainerItemProxy */;
		};
		1108D53D209943BC00063133 /* PBXTargetDependency */ = {
			isa = PBXTargetDependency;
			target = 1108D51B209943BA00063133 /* TapRoyale */;
			targetProxy = 1108D53C209943BC00063133 /* PBXContainerItemProxy */;
		};
/* End PBXTargetDependency section */

/* Begin PBXVariantGroup section */
		1108D523209943BA00063133 /* Main.storyboard */ = {
			isa = PBXVariantGroup;
			children = (
				1108D524209943BA00063133 /* Base */,
			);
			name = Main.storyboard;
			sourceTree = "<group>";
		};
		1108D528209943BC00063133 /* LaunchScreen.storyboard */ = {
			isa = PBXVariantGroup;
			children = (
				1108D529209943BC00063133 /* Base */,
			);
			name = LaunchScreen.storyboard;
			sourceTree = "<group>";
		};
/* End PBXVariantGroup section */

/* Begin XCBuildConfiguration section */
		1108D542209943BC00063133 /* Debug */ = {
			isa = XCBuildConfiguration;
			buildSettings = {
				ALWAYS_SEARCH_USER_PATHS = NO;
				CLANG_ANALYZER_NONNULL = YES;
				CLANG_ANALYZER_NUMBER_OBJECT_CONVERSION = YES_AGGRESSIVE;
				CLANG_CXX_LANGUAGE_STANDARD = "gnu++14";
				CLANG_CXX_LIBRARY = "libc++";
				CLANG_ENABLE_MODULES = YES;
				CLANG_ENABLE_OBJC_ARC = YES;
				CLANG_ENABLE_OBJC_WEAK = YES;
				CLANG_WARN_BLOCK_CAPTURE_AUTORELEASING = YES;
				CLANG_WARN_BOOL_CONVERSION = YES;
				CLANG_WARN_COMMA = YES;
				CLANG_WARN_CONSTANT_CONVERSION = YES;
				CLANG_WARN_DEPRECATED_OBJC_IMPLEMENTATIONS = YES;
				CLANG_WARN_DIRECT_OBJC_ISA_USAGE = YES_ERROR;
				CLANG_WARN_DOCUMENTATION_COMMENTS = YES;
				CLANG_WARN_EMPTY_BODY = YES;
				CLANG_WARN_ENUM_CONVERSION = YES;
				CLANG_WARN_INFINITE_RECURSION = YES;
				CLANG_WARN_INT_CONVERSION = YES;
				CLANG_WARN_NON_LITERAL_NULL_CONVERSION = YES;
				CLANG_WARN_OBJC_IMPLICIT_RETAIN_SELF = YES;
				CLANG_WARN_OBJC_LITERAL_CONVERSION = YES;
				CLANG_WARN_OBJC_ROOT_CLASS = YES_ERROR;
				CLANG_WARN_RANGE_LOOP_ANALYSIS = YES;
				CLANG_WARN_STRICT_PROTOTYPES = YES;
				CLANG_WARN_SUSPICIOUS_MOVE = YES;
				CLANG_WARN_UNGUARDED_AVAILABILITY = YES_AGGRESSIVE;
				CLANG_WARN_UNREACHABLE_CODE = YES;
				CLANG_WARN__DUPLICATE_METHOD_MATCH = YES;
				CODE_SIGN_IDENTITY = "iPhone Developer";
				COPY_PHASE_STRIP = NO;
				DEBUG_INFORMATION_FORMAT = dwarf;
				ENABLE_STRICT_OBJC_MSGSEND = YES;
				ENABLE_TESTABILITY = YES;
				GCC_C_LANGUAGE_STANDARD = gnu11;
				GCC_DYNAMIC_NO_PIC = NO;
				GCC_NO_COMMON_BLOCKS = YES;
				GCC_OPTIMIZATION_LEVEL = 0;
				GCC_PREPROCESSOR_DEFINITIONS = (
					"DEBUG=1",
					"$(inherited)",
				);
				GCC_WARN_64_TO_32_BIT_CONVERSION = YES;
				GCC_WARN_ABOUT_RETURN_TYPE = YES_ERROR;
				GCC_WARN_UNDECLARED_SELECTOR = YES;
				GCC_WARN_UNINITIALIZED_AUTOS = YES_AGGRESSIVE;
				GCC_WARN_UNUSED_FUNCTION = YES;
				GCC_WARN_UNUSED_VARIABLE = YES;
				IPHONEOS_DEPLOYMENT_TARGET = 11.3;
				MTL_ENABLE_DEBUG_INFO = YES;
				ONLY_ACTIVE_ARCH = YES;
				SDKROOT = iphoneos;
				SWIFT_ACTIVE_COMPILATION_CONDITIONS = DEBUG;
				SWIFT_OPTIMIZATION_LEVEL = "-Onone";
			};
			name = Debug;
		};
		1108D543209943BC00063133 /* Release */ = {
			isa = XCBuildConfiguration;
			buildSettings = {
				ALWAYS_SEARCH_USER_PATHS = NO;
				CLANG_ANALYZER_NONNULL = YES;
				CLANG_ANALYZER_NUMBER_OBJECT_CONVERSION = YES_AGGRESSIVE;
				CLANG_CXX_LANGUAGE_STANDARD = "gnu++14";
				CLANG_CXX_LIBRARY = "libc++";
				CLANG_ENABLE_MODULES = YES;
				CLANG_ENABLE_OBJC_ARC = YES;
				CLANG_ENABLE_OBJC_WEAK = YES;
				CLANG_WARN_BLOCK_CAPTURE_AUTORELEASING = YES;
				CLANG_WARN_BOOL_CONVERSION = YES;
				CLANG_WARN_COMMA = YES;
				CLANG_WARN_CONSTANT_CONVERSION = YES;
				CLANG_WARN_DEPRECATED_OBJC_IMPLEMENTATIONS = YES;
				CLANG_WARN_DIRECT_OBJC_ISA_USAGE = YES_ERROR;
				CLANG_WARN_DOCUMENTATION_COMMENTS = YES;
				CLANG_WARN_EMPTY_BODY = YES;
				CLANG_WARN_ENUM_CONVERSION = YES;
				CLANG_WARN_INFINITE_RECURSION = YES;
				CLANG_WARN_INT_CONVERSION = YES;
				CLANG_WARN_NON_LITERAL_NULL_CONVERSION = YES;
				CLANG_WARN_OBJC_IMPLICIT_RETAIN_SELF = YES;
				CLANG_WARN_OBJC_LITERAL_CONVERSION = YES;
				CLANG_WARN_OBJC_ROOT_CLASS = YES_ERROR;
				CLANG_WARN_RANGE_LOOP_ANALYSIS = YES;
				CLANG_WARN_STRICT_PROTOTYPES = YES;
				CLANG_WARN_SUSPICIOUS_MOVE = YES;
				CLANG_WARN_UNGUARDED_AVAILABILITY = YES_AGGRESSIVE;
				CLANG_WARN_UNREACHABLE_CODE = YES;
				CLANG_WARN__DUPLICATE_METHOD_MATCH = YES;
				CODE_SIGN_IDENTITY = "iPhone Developer";
				COPY_PHASE_STRIP = NO;
				DEBUG_INFORMATION_FORMAT = "dwarf-with-dsym";
				ENABLE_NS_ASSERTIONS = NO;
				ENABLE_STRICT_OBJC_MSGSEND = YES;
				GCC_C_LANGUAGE_STANDARD = gnu11;
				GCC_NO_COMMON_BLOCKS = YES;
				GCC_WARN_64_TO_32_BIT_CONVERSION = YES;
				GCC_WARN_ABOUT_RETURN_TYPE = YES_ERROR;
				GCC_WARN_UNDECLARED_SELECTOR = YES;
				GCC_WARN_UNINITIALIZED_AUTOS = YES_AGGRESSIVE;
				GCC_WARN_UNUSED_FUNCTION = YES;
				GCC_WARN_UNUSED_VARIABLE = YES;
				IPHONEOS_DEPLOYMENT_TARGET = 11.3;
				MTL_ENABLE_DEBUG_INFO = NO;
				SDKROOT = iphoneos;
				SWIFT_COMPILATION_MODE = wholemodule;
				SWIFT_OPTIMIZATION_LEVEL = "-O";
				VALIDATE_PRODUCT = YES;
			};
			name = Release;
		};
		1108D545209943BC00063133 /* Debug */ = {
			isa = XCBuildConfiguration;
			baseConfigurationReference = C58FD9669338F9CA50CBB9E6 /* Pods-TapRoyale.debug.xcconfig */;
			buildSettings = {
				ASSETCATALOG_COMPILER_APPICON_NAME = AppIcon;
				CODE_SIGN_STYLE = Automatic;
				DEVELOPMENT_TEAM = 5PJ639S4VT;
				INFOPLIST_FILE = TapRoyale/Info.plist;
				LD_RUNPATH_SEARCH_PATHS = (
					"$(inherited)",
					"@executable_path/Frameworks",
				);
				PRODUCT_BUNDLE_IDENTIFIER = com.appdojo.TapRoyale;
				PRODUCT_NAME = "$(TARGET_NAME)";
				SWIFT_VERSION = 4.0;
				TARGETED_DEVICE_FAMILY = "1,2";
			};
			name = Debug;
		};
		1108D546209943BC00063133 /* Release */ = {
			isa = XCBuildConfiguration;
			baseConfigurationReference = 0F499FA936DEEA45E66A9FC4 /* Pods-TapRoyale.release.xcconfig */;
			buildSettings = {
				ASSETCATALOG_COMPILER_APPICON_NAME = AppIcon;
				CODE_SIGN_STYLE = Automatic;
				DEVELOPMENT_TEAM = 5PJ639S4VT;
				INFOPLIST_FILE = TapRoyale/Info.plist;
				LD_RUNPATH_SEARCH_PATHS = (
					"$(inherited)",
					"@executable_path/Frameworks",
				);
				PRODUCT_BUNDLE_IDENTIFIER = com.appdojo.TapRoyale;
				PRODUCT_NAME = "$(TARGET_NAME)";
				SWIFT_VERSION = 4.0;
				TARGETED_DEVICE_FAMILY = "1,2";
			};
			name = Release;
		};
		1108D548209943BC00063133 /* Debug */ = {
			isa = XCBuildConfiguration;
			buildSettings = {
				ALWAYS_EMBED_SWIFT_STANDARD_LIBRARIES = YES;
				BUNDLE_LOADER = "$(TEST_HOST)";
				CODE_SIGN_STYLE = Automatic;
				DEVELOPMENT_TEAM = 5PJ639S4VT;
				INFOPLIST_FILE = TapRoyaleTests/Info.plist;
				LD_RUNPATH_SEARCH_PATHS = (
					"$(inherited)",
					"@executable_path/Frameworks",
					"@loader_path/Frameworks",
				);
				PRODUCT_BUNDLE_IDENTIFIER = com.appdojo.TapRoyaleTests;
				PRODUCT_NAME = "$(TARGET_NAME)";
				SWIFT_VERSION = 4.0;
				TARGETED_DEVICE_FAMILY = "1,2";
				TEST_HOST = "$(BUILT_PRODUCTS_DIR)/TapRoyale.app/TapRoyale";
			};
			name = Debug;
		};
		1108D549209943BC00063133 /* Release */ = {
			isa = XCBuildConfiguration;
			buildSettings = {
				ALWAYS_EMBED_SWIFT_STANDARD_LIBRARIES = YES;
				BUNDLE_LOADER = "$(TEST_HOST)";
				CODE_SIGN_STYLE = Automatic;
				DEVELOPMENT_TEAM = 5PJ639S4VT;
				INFOPLIST_FILE = TapRoyaleTests/Info.plist;
				LD_RUNPATH_SEARCH_PATHS = (
					"$(inherited)",
					"@executable_path/Frameworks",
					"@loader_path/Frameworks",
				);
				PRODUCT_BUNDLE_IDENTIFIER = com.appdojo.TapRoyaleTests;
				PRODUCT_NAME = "$(TARGET_NAME)";
				SWIFT_VERSION = 4.0;
				TARGETED_DEVICE_FAMILY = "1,2";
				TEST_HOST = "$(BUILT_PRODUCTS_DIR)/TapRoyale.app/TapRoyale";
			};
			name = Release;
		};
		1108D54B209943BC00063133 /* Debug */ = {
			isa = XCBuildConfiguration;
			buildSettings = {
				ALWAYS_EMBED_SWIFT_STANDARD_LIBRARIES = YES;
				CODE_SIGN_STYLE = Automatic;
				DEVELOPMENT_TEAM = 5PJ639S4VT;
				INFOPLIST_FILE = TapRoyaleUITests/Info.plist;
				LD_RUNPATH_SEARCH_PATHS = (
					"$(inherited)",
					"@executable_path/Frameworks",
					"@loader_path/Frameworks",
				);
				PRODUCT_BUNDLE_IDENTIFIER = com.appdojo.TapRoyaleUITests;
				PRODUCT_NAME = "$(TARGET_NAME)";
				SWIFT_VERSION = 4.0;
				TARGETED_DEVICE_FAMILY = "1,2";
				TEST_TARGET_NAME = TapRoyale;
			};
			name = Debug;
		};
		1108D54C209943BC00063133 /* Release */ = {
			isa = XCBuildConfiguration;
			buildSettings = {
				ALWAYS_EMBED_SWIFT_STANDARD_LIBRARIES = YES;
				CODE_SIGN_STYLE = Automatic;
				DEVELOPMENT_TEAM = 5PJ639S4VT;
				INFOPLIST_FILE = TapRoyaleUITests/Info.plist;
				LD_RUNPATH_SEARCH_PATHS = (
					"$(inherited)",
					"@executable_path/Frameworks",
					"@loader_path/Frameworks",
				);
				PRODUCT_BUNDLE_IDENTIFIER = com.appdojo.TapRoyaleUITests;
				PRODUCT_NAME = "$(TARGET_NAME)";
				SWIFT_VERSION = 4.0;
				TARGETED_DEVICE_FAMILY = "1,2";
				TEST_TARGET_NAME = TapRoyale;
			};
			name = Release;
		};
/* End XCBuildConfiguration section */

/* Begin XCConfigurationList section */
		1108D517209943BA00063133 /* Build configuration list for PBXProject "TapRoyale" */ = {
			isa = XCConfigurationList;
			buildConfigurations = (
				1108D542209943BC00063133 /* Debug */,
				1108D543209943BC00063133 /* Release */,
			);
			defaultConfigurationIsVisible = 0;
			defaultConfigurationName = Release;
		};
		1108D544209943BC00063133 /* Build configuration list for PBXNativeTarget "TapRoyale" */ = {
			isa = XCConfigurationList;
			buildConfigurations = (
				1108D545209943BC00063133 /* Debug */,
				1108D546209943BC00063133 /* Release */,
			);
			defaultConfigurationIsVisible = 0;
			defaultConfigurationName = Release;
		};
		1108D547209943BC00063133 /* Build configuration list for PBXNativeTarget "TapRoyaleTests" */ = {
			isa = XCConfigurationList;
			buildConfigurations = (
				1108D548209943BC00063133 /* Debug */,
				1108D549209943BC00063133 /* Release */,
			);
			defaultConfigurationIsVisible = 0;
			defaultConfigurationName = Release;
		};
		1108D54A209943BC00063133 /* Build configuration list for PBXNativeTarget "TapRoyaleUITests" */ = {
			isa = XCConfigurationList;
			buildConfigurations = (
				1108D54B209943BC00063133 /* Debug */,
				1108D54C209943BC00063133 /* Release */,
			);
			defaultConfigurationIsVisible = 0;
			defaultConfigurationName = Release;
		};
/* End XCConfigurationList section */
	};
	rootObject = 1108D514209943BA00063133 /* Project object */;
}
